// !$*UTF8*$!
{
	archiveVersion = 1;
	classes = {
	};
	objectVersion = 51;
	objects = {

/* Begin PBXBuildFile section */
		8CCD2E1A1F565E8992E789C4 /* Pods_Parstagram.framework in Frameworks */ = {isa = PBXBuildFile; fileRef = 490D9E49D00D36FD5711A8C9 /* Pods_Parstagram.framework */; };
		A86CCABC260673F300340BC9 /* AppDelegate.swift in Sources */ = {isa = PBXBuildFile; fileRef = A86CCABB260673F300340BC9 /* AppDelegate.swift */; };
		A86CCABE260673F300340BC9 /* SceneDelegate.swift in Sources */ = {isa = PBXBuildFile; fileRef = A86CCABD260673F300340BC9 /* SceneDelegate.swift */; };
		A86CCAC3260673F300340BC9 /* Main.storyboard in Resources */ = {isa = PBXBuildFile; fileRef = A86CCAC1260673F300340BC9 /* Main.storyboard */; };
		A86CCAC5260673F500340BC9 /* Assets.xcassets in Resources */ = {isa = PBXBuildFile; fileRef = A86CCAC4260673F500340BC9 /* Assets.xcassets */; };
		A86CCAC8260673F500340BC9 /* LaunchScreen.storyboard in Resources */ = {isa = PBXBuildFile; fileRef = A86CCAC6260673F500340BC9 /* LaunchScreen.storyboard */; };
		A86CCAD3260673F500340BC9 /* ParstagramTests.swift in Sources */ = {isa = PBXBuildFile; fileRef = A86CCAD2260673F500340BC9 /* ParstagramTests.swift */; };
		A86CCADE260673F500340BC9 /* ParstagramUITests.swift in Sources */ = {isa = PBXBuildFile; fileRef = A86CCADD260673F500340BC9 /* ParstagramUITests.swift */; };
		A86CCAFE2606789900340BC9 /* LoginViewController.swift in Sources */ = {isa = PBXBuildFile; fileRef = A86CCAFD2606789900340BC9 /* LoginViewController.swift */; };
		A86CCB03260678AD00340BC9 /* FeedViewController.swift in Sources */ = {isa = PBXBuildFile; fileRef = A86CCB02260678AD00340BC9 /* FeedViewController.swift */; };
		A86CCB082606827800340BC9 /* CameraViewController.swift in Sources */ = {isa = PBXBuildFile; fileRef = A86CCB072606827800340BC9 /* CameraViewController.swift */; };
		A86CCB182606985F00340BC9 /* PostCell.swift in Sources */ = {isa = PBXBuildFile; fileRef = A86CCB172606985F00340BC9 /* PostCell.swift */; };
		A8C8C9F9260FA6050038D152 /* CommentCell.swift in Sources */ = {isa = PBXBuildFile; fileRef = A8C8C9F8260FA6050038D152 /* CommentCell.swift */; };
		BD2621AD3B36D51E3F078E50 /* Pods_ParstagramTests.framework in Frameworks */ = {isa = PBXBuildFile; fileRef = 54ED5A830E420883F1D625F6 /* Pods_ParstagramTests.framework */; };
		EB97E2DB3FA570C107B394C1 /* Pods_Parstagram_ParstagramUITests.framework in Frameworks */ = {isa = PBXBuildFile; fileRef = E69D04FD84C109304DA1EF5B /* Pods_Parstagram_ParstagramUITests.framework */; };
/* End PBXBuildFile section */

/* Begin PBXContainerItemProxy section */
		A86CCACF260673F500340BC9 /* PBXContainerItemProxy */ = {
			isa = PBXContainerItemProxy;
			containerPortal = A86CCAB0260673F300340BC9 /* Project object */;
			proxyType = 1;
			remoteGlobalIDString = A86CCAB7260673F300340BC9;
			remoteInfo = Parstagram;
		};
		A86CCADA260673F500340BC9 /* PBXContainerItemProxy */ = {
			isa = PBXContainerItemProxy;
			containerPortal = A86CCAB0260673F300340BC9 /* Project object */;
			proxyType = 1;
			remoteGlobalIDString = A86CCAB7260673F300340BC9;
			remoteInfo = Parstagram;
		};
/* End PBXContainerItemProxy section */

/* Begin PBXFileReference section */
		1E58A1E352B906401721CE08 /* Pods-ParstagramTests.debug.xcconfig */ = {isa = PBXFileReference; includeInIndex = 1; lastKnownFileType = text.xcconfig; name = "Pods-ParstagramTests.debug.xcconfig"; path = "Target Support Files/Pods-ParstagramTests/Pods-ParstagramTests.debug.xcconfig"; sourceTree = "<group>"; };
		337368BDC9E33BBCDF6FE19C /* Pods-Parstagram-ParstagramUITests.debug.xcconfig */ = {isa = PBXFileReference; includeInIndex = 1; lastKnownFileType = text.xcconfig; name = "Pods-Parstagram-ParstagramUITests.debug.xcconfig"; path = "Target Support Files/Pods-Parstagram-ParstagramUITests/Pods-Parstagram-ParstagramUITests.debug.xcconfig"; sourceTree = "<group>"; };
		436A774A02C4402B45B38EA1 /* Pods-Parstagram.debug.xcconfig */ = {isa = PBXFileReference; includeInIndex = 1; lastKnownFileType = text.xcconfig; name = "Pods-Parstagram.debug.xcconfig"; path = "Target Support Files/Pods-Parstagram/Pods-Parstagram.debug.xcconfig"; sourceTree = "<group>"; };
		490D9E49D00D36FD5711A8C9 /* Pods_Parstagram.framework */ = {isa = PBXFileReference; explicitFileType = wrapper.framework; includeInIndex = 0; path = Pods_Parstagram.framework; sourceTree = BUILT_PRODUCTS_DIR; };
		54ED5A830E420883F1D625F6 /* Pods_ParstagramTests.framework */ = {isa = PBXFileReference; explicitFileType = wrapper.framework; includeInIndex = 0; path = Pods_ParstagramTests.framework; sourceTree = BUILT_PRODUCTS_DIR; };
		6C4EF700DBC204CCBDB46372 /* Pods-Parstagram.release.xcconfig */ = {isa = PBXFileReference; includeInIndex = 1; lastKnownFileType = text.xcconfig; name = "Pods-Parstagram.release.xcconfig"; path = "Target Support Files/Pods-Parstagram/Pods-Parstagram.release.xcconfig"; sourceTree = "<group>"; };
		87E55D9CD1ED88812A1A67EB /* Pods-Parstagram-ParstagramUITests.release.xcconfig */ = {isa = PBXFileReference; includeInIndex = 1; lastKnownFileType = text.xcconfig; name = "Pods-Parstagram-ParstagramUITests.release.xcconfig"; path = "Target Support Files/Pods-Parstagram-ParstagramUITests/Pods-Parstagram-ParstagramUITests.release.xcconfig"; sourceTree = "<group>"; };
		A86CCAB8260673F300340BC9 /* Parstagram.app */ = {isa = PBXFileReference; explicitFileType = wrapper.application; includeInIndex = 0; path = Parstagram.app; sourceTree = BUILT_PRODUCTS_DIR; };
		A86CCABB260673F300340BC9 /* AppDelegate.swift */ = {isa = PBXFileReference; lastKnownFileType = sourcecode.swift; path = AppDelegate.swift; sourceTree = "<group>"; };
		A86CCABD260673F300340BC9 /* SceneDelegate.swift */ = {isa = PBXFileReference; lastKnownFileType = sourcecode.swift; path = SceneDelegate.swift; sourceTree = "<group>"; };
		A86CCAC2260673F300340BC9 /* Base */ = {isa = PBXFileReference; lastKnownFileType = file.storyboard; name = Base; path = Base.lproj/Main.storyboard; sourceTree = "<group>"; };
		A86CCAC4260673F500340BC9 /* Assets.xcassets */ = {isa = PBXFileReference; lastKnownFileType = folder.assetcatalog; path = Assets.xcassets; sourceTree = "<group>"; };
		A86CCAC7260673F500340BC9 /* Base */ = {isa = PBXFileReference; lastKnownFileType = file.storyboard; name = Base; path = Base.lproj/LaunchScreen.storyboard; sourceTree = "<group>"; };
		A86CCAC9260673F500340BC9 /* Info.plist */ = {isa = PBXFileReference; lastKnownFileType = text.plist.xml; path = Info.plist; sourceTree = "<group>"; };
		A86CCACE260673F500340BC9 /* ParstagramTests.xctest */ = {isa = PBXFileReference; explicitFileType = wrapper.cfbundle; includeInIndex = 0; path = ParstagramTests.xctest; sourceTree = BUILT_PRODUCTS_DIR; };
		A86CCAD2260673F500340BC9 /* ParstagramTests.swift */ = {isa = PBXFileReference; lastKnownFileType = sourcecode.swift; path = ParstagramTests.swift; sourceTree = "<group>"; };
		A86CCAD4260673F500340BC9 /* Info.plist */ = {isa = PBXFileReference; lastKnownFileType = text.plist.xml; path = Info.plist; sourceTree = "<group>"; };
		A86CCAD9260673F500340BC9 /* ParstagramUITests.xctest */ = {isa = PBXFileReference; explicitFileType = wrapper.cfbundle; includeInIndex = 0; path = ParstagramUITests.xctest; sourceTree = BUILT_PRODUCTS_DIR; };
		A86CCADD260673F500340BC9 /* ParstagramUITests.swift */ = {isa = PBXFileReference; lastKnownFileType = sourcecode.swift; path = ParstagramUITests.swift; sourceTree = "<group>"; };
		A86CCADF260673F500340BC9 /* Info.plist */ = {isa = PBXFileReference; lastKnownFileType = text.plist.xml; path = Info.plist; sourceTree = "<group>"; };
		A86CCAFD2606789900340BC9 /* LoginViewController.swift */ = {isa = PBXFileReference; lastKnownFileType = sourcecode.swift; path = LoginViewController.swift; sourceTree = "<group>"; };
		A86CCB02260678AD00340BC9 /* FeedViewController.swift */ = {isa = PBXFileReference; lastKnownFileType = sourcecode.swift; path = FeedViewController.swift; sourceTree = "<group>"; };
		A86CCB072606827800340BC9 /* CameraViewController.swift */ = {isa = PBXFileReference; lastKnownFileType = sourcecode.swift; path = CameraViewController.swift; sourceTree = "<group>"; };
		A86CCB172606985F00340BC9 /* PostCell.swift */ = {isa = PBXFileReference; lastKnownFileType = sourcecode.swift; path = PostCell.swift; sourceTree = "<group>"; };
		A8C8C9F8260FA6050038D152 /* CommentCell.swift */ = {isa = PBXFileReference; lastKnownFileType = sourcecode.swift; path = CommentCell.swift; sourceTree = "<group>"; };
		AA4C2627DB0ECA4E05E1946C /* Pods-ParstagramTests.release.xcconfig */ = {isa = PBXFileReference; includeInIndex = 1; lastKnownFileType = text.xcconfig; name = "Pods-ParstagramTests.release.xcconfig"; path = "Target Support Files/Pods-ParstagramTests/Pods-ParstagramTests.release.xcconfig"; sourceTree = "<group>"; };
		E69D04FD84C109304DA1EF5B /* Pods_Parstagram_ParstagramUITests.framework */ = {isa = PBXFileReference; explicitFileType = wrapper.framework; includeInIndex = 0; path = Pods_Parstagram_ParstagramUITests.framework; sourceTree = BUILT_PRODUCTS_DIR; };
/* End PBXFileReference section */

/* Begin PBXFrameworksBuildPhase section */
		A86CCAB5260673F300340BC9 /* Frameworks */ = {
			isa = PBXFrameworksBuildPhase;
			buildActionMask = 2147483647;
			files = (
				8CCD2E1A1F565E8992E789C4 /* Pods_Parstagram.framework in Frameworks */,
			);
			runOnlyForDeploymentPostprocessing = 0;
		};
		A86CCACB260673F500340BC9 /* Frameworks */ = {
			isa = PBXFrameworksBuildPhase;
			buildActionMask = 2147483647;
			files = (
				BD2621AD3B36D51E3F078E50 /* Pods_ParstagramTests.framework in Frameworks */,
			);
			runOnlyForDeploymentPostprocessing = 0;
		};
		A86CCAD6260673F500340BC9 /* Frameworks */ = {
			isa = PBXFrameworksBuildPhase;
			buildActionMask = 2147483647;
			files = (
				EB97E2DB3FA570C107B394C1 /* Pods_Parstagram_ParstagramUITests.framework in Frameworks */,
			);
			runOnlyForDeploymentPostprocessing = 0;
		};
/* End PBXFrameworksBuildPhase section */

/* Begin PBXGroup section */
		13AA59BA0E2B6C6D0881719C /* Pods */ = {
			isa = PBXGroup;
			children = (
				436A774A02C4402B45B38EA1 /* Pods-Parstagram.debug.xcconfig */,
				6C4EF700DBC204CCBDB46372 /* Pods-Parstagram.release.xcconfig */,
				337368BDC9E33BBCDF6FE19C /* Pods-Parstagram-ParstagramUITests.debug.xcconfig */,
				87E55D9CD1ED88812A1A67EB /* Pods-Parstagram-ParstagramUITests.release.xcconfig */,
				1E58A1E352B906401721CE08 /* Pods-ParstagramTests.debug.xcconfig */,
				AA4C2627DB0ECA4E05E1946C /* Pods-ParstagramTests.release.xcconfig */,
			);
			path = Pods;
			sourceTree = "<group>";
		};
		A86CCAAF260673F300340BC9 = {
			isa = PBXGroup;
			children = (
				A86CCABA260673F300340BC9 /* Parstagram */,
				A86CCAD1260673F500340BC9 /* ParstagramTests */,
				A86CCADC260673F500340BC9 /* ParstagramUITests */,
				A86CCAB9260673F300340BC9 /* Products */,
				13AA59BA0E2B6C6D0881719C /* Pods */,
				FA62DEE8F1AC6C36D54CF67F /* Frameworks */,
			);
			sourceTree = "<group>";
		};
		A86CCAB9260673F300340BC9 /* Products */ = {
			isa = PBXGroup;
			children = (
				A86CCAB8260673F300340BC9 /* Parstagram.app */,
				A86CCACE260673F500340BC9 /* ParstagramTests.xctest */,
				A86CCAD9260673F500340BC9 /* ParstagramUITests.xctest */,
			);
			name = Products;
			sourceTree = "<group>";
		};
		A86CCABA260673F300340BC9 /* Parstagram */ = {
			isa = PBXGroup;
			children = (
				A86CCABB260673F300340BC9 /* AppDelegate.swift */,
				A86CCABD260673F300340BC9 /* SceneDelegate.swift */,
				A86CCAC1260673F300340BC9 /* Main.storyboard */,
				A86CCAC4260673F500340BC9 /* Assets.xcassets */,
				A86CCAC6260673F500340BC9 /* LaunchScreen.storyboard */,
				A86CCAC9260673F500340BC9 /* Info.plist */,
				A86CCAFD2606789900340BC9 /* LoginViewController.swift */,
				A86CCB02260678AD00340BC9 /* FeedViewController.swift */,
				A86CCB072606827800340BC9 /* CameraViewController.swift */,
				A86CCB172606985F00340BC9 /* PostCell.swift */,
				A8C8C9F8260FA6050038D152 /* CommentCell.swift */,
			);
			path = Parstagram;
			sourceTree = "<group>";
		};
		A86CCAD1260673F500340BC9 /* ParstagramTests */ = {
			isa = PBXGroup;
			children = (
				A86CCAD2260673F500340BC9 /* ParstagramTests.swift */,
				A86CCAD4260673F500340BC9 /* Info.plist */,
			);
			path = ParstagramTests;
			sourceTree = "<group>";
		};
		A86CCADC260673F500340BC9 /* ParstagramUITests */ = {
			isa = PBXGroup;
			children = (
				A86CCADD260673F500340BC9 /* ParstagramUITests.swift */,
				A86CCADF260673F500340BC9 /* Info.plist */,
			);
			path = ParstagramUITests;
			sourceTree = "<group>";
		};
		FA62DEE8F1AC6C36D54CF67F /* Frameworks */ = {
			isa = PBXGroup;
			children = (
				490D9E49D00D36FD5711A8C9 /* Pods_Parstagram.framework */,
				E69D04FD84C109304DA1EF5B /* Pods_Parstagram_ParstagramUITests.framework */,
				54ED5A830E420883F1D625F6 /* Pods_ParstagramTests.framework */,
			);
			name = Frameworks;
			sourceTree = "<group>";
		};
/* End PBXGroup section */

/* Begin PBXNativeTarget section */
		A86CCAB7260673F300340BC9 /* Parstagram */ = {
			isa = PBXNativeTarget;
			buildConfigurationList = A86CCAE2260673F500340BC9 /* Build configuration list for PBXNativeTarget "Parstagram" */;
			buildPhases = (
				45A5D3DE20E73A3E66C5F551 /* [CP] Check Pods Manifest.lock */,
				A86CCAB4260673F300340BC9 /* Sources */,
				A86CCAB5260673F300340BC9 /* Frameworks */,
				A86CCAB6260673F300340BC9 /* Resources */,
				9CC1A0AD01FA70AB686B66AC /* [CP] Embed Pods Frameworks */,
			);
			buildRules = (
			);
			dependencies = (
			);
			name = Parstagram;
			productName = Parstagram;
			productReference = A86CCAB8260673F300340BC9 /* Parstagram.app */;
			productType = "com.apple.product-type.application";
		};
		A86CCACD260673F500340BC9 /* ParstagramTests */ = {
			isa = PBXNativeTarget;
			buildConfigurationList = A86CCAE5260673F500340BC9 /* Build configuration list for PBXNativeTarget "ParstagramTests" */;
			buildPhases = (
				97950D6B13C9E089FF319DC6 /* [CP] Check Pods Manifest.lock */,
				A86CCACA260673F500340BC9 /* Sources */,
				A86CCACB260673F500340BC9 /* Frameworks */,
				A86CCACC260673F500340BC9 /* Resources */,
			);
			buildRules = (
			);
			dependencies = (
				A86CCAD0260673F500340BC9 /* PBXTargetDependency */,
			);
			name = ParstagramTests;
			productName = ParstagramTests;
			productReference = A86CCACE260673F500340BC9 /* ParstagramTests.xctest */;
			productType = "com.apple.product-type.bundle.unit-test";
		};
		A86CCAD8260673F500340BC9 /* ParstagramUITests */ = {
			isa = PBXNativeTarget;
			buildConfigurationList = A86CCAE8260673F500340BC9 /* Build configuration list for PBXNativeTarget "ParstagramUITests" */;
			buildPhases = (
				08A33EFF963A9704BABDDF1D /* [CP] Check Pods Manifest.lock */,
				A86CCAD5260673F500340BC9 /* Sources */,
				A86CCAD6260673F500340BC9 /* Frameworks */,
				A86CCAD7260673F500340BC9 /* Resources */,
				067AFA85C38E33A469F9A4E9 /* [CP] Embed Pods Frameworks */,
			);
			buildRules = (
			);
			dependencies = (
				A86CCADB260673F500340BC9 /* PBXTargetDependency */,
			);
			name = ParstagramUITests;
			productName = ParstagramUITests;
			productReference = A86CCAD9260673F500340BC9 /* ParstagramUITests.xctest */;
			productType = "com.apple.product-type.bundle.ui-testing";
		};
/* End PBXNativeTarget section */

/* Begin PBXProject section */
		A86CCAB0260673F300340BC9 /* Project object */ = {
			isa = PBXProject;
			attributes = {
				LastSwiftUpdateCheck = 1240;
				LastUpgradeCheck = 1240;
				TargetAttributes = {
					A86CCAB7260673F300340BC9 = {
						CreatedOnToolsVersion = 12.4;
					};
					A86CCACD260673F500340BC9 = {
						CreatedOnToolsVersion = 12.4;
						TestTargetID = A86CCAB7260673F300340BC9;
					};
					A86CCAD8260673F500340BC9 = {
						CreatedOnToolsVersion = 12.4;
						TestTargetID = A86CCAB7260673F300340BC9;
					};
				};
			};
			buildConfigurationList = A86CCAB3260673F300340BC9 /* Build configuration list for PBXProject "Parstagram" */;
			compatibilityVersion = "Xcode 9.3";
			developmentRegion = en;
			hasScannedForEncodings = 0;
			knownRegions = (
				en,
				Base,
			);
			mainGroup = A86CCAAF260673F300340BC9;
			productRefGroup = A86CCAB9260673F300340BC9 /* Products */;
			projectDirPath = "";
			projectRoot = "";
			targets = (
				A86CCAB7260673F300340BC9 /* Parstagram */,
				A86CCACD260673F500340BC9 /* ParstagramTests */,
				A86CCAD8260673F500340BC9 /* ParstagramUITests */,
			);
		};
/* End PBXProject section */

/* Begin PBXResourcesBuildPhase section */
		A86CCAB6260673F300340BC9 /* Resources */ = {
			isa = PBXResourcesBuildPhase;
			buildActionMask = 2147483647;
			files = (
				A86CCAC8260673F500340BC9 /* LaunchScreen.storyboard in Resources */,
				A86CCAC5260673F500340BC9 /* Assets.xcassets in Resources */,
				A86CCAC3260673F300340BC9 /* Main.storyboard in Resources */,
			);
			runOnlyForDeploymentPostprocessing = 0;
		};
		A86CCACC260673F500340BC9 /* Resources */ = {
			isa = PBXResourcesBuildPhase;
			buildActionMask = 2147483647;
			files = (
			);
			runOnlyForDeploymentPostprocessing = 0;
		};
		A86CCAD7260673F500340BC9 /* Resources */ = {
			isa = PBXResourcesBuildPhase;
			buildActionMask = 2147483647;
			files = (
			);
			runOnlyForDeploymentPostprocessing = 0;
		};
/* End PBXResourcesBuildPhase section */

/* Begin PBXShellScriptBuildPhase section */
		067AFA85C38E33A469F9A4E9 /* [CP] Embed Pods Frameworks */ = {
			isa = PBXShellScriptBuildPhase;
			buildActionMask = 2147483647;
			files = (
			);
			inputFileListPaths = (
				"${PODS_ROOT}/Target Support Files/Pods-Parstagram-ParstagramUITests/Pods-Parstagram-ParstagramUITests-frameworks-${CONFIGURATION}-input-files.xcfilelist",
			);
			name = "[CP] Embed Pods Frameworks";
			outputFileListPaths = (
				"${PODS_ROOT}/Target Support Files/Pods-Parstagram-ParstagramUITests/Pods-Parstagram-ParstagramUITests-frameworks-${CONFIGURATION}-output-files.xcfilelist",
			);
			runOnlyForDeploymentPostprocessing = 0;
			shellPath = /bin/sh;
			shellScript = "\"${PODS_ROOT}/Target Support Files/Pods-Parstagram-ParstagramUITests/Pods-Parstagram-ParstagramUITests-frameworks.sh\"\n";
			showEnvVarsInLog = 0;
		};
		08A33EFF963A9704BABDDF1D /* [CP] Check Pods Manifest.lock */ = {
			isa = PBXShellScriptBuildPhase;
			buildActionMask = 2147483647;
			files = (
			);
			inputFileListPaths = (
			);
			inputPaths = (
				"${PODS_PODFILE_DIR_PATH}/Podfile.lock",
				"${PODS_ROOT}/Manifest.lock",
			);
			name = "[CP] Check Pods Manifest.lock";
			outputFileListPaths = (
			);
			outputPaths = (
				"$(DERIVED_FILE_DIR)/Pods-Parstagram-ParstagramUITests-checkManifestLockResult.txt",
			);
			runOnlyForDeploymentPostprocessing = 0;
			shellPath = /bin/sh;
			shellScript = "diff \"${PODS_PODFILE_DIR_PATH}/Podfile.lock\" \"${PODS_ROOT}/Manifest.lock\" > /dev/null\nif [ $? != 0 ] ; then\n    # print error to STDERR\n    echo \"error: The sandbox is not in sync with the Podfile.lock. Run 'pod install' or update your CocoaPods installation.\" >&2\n    exit 1\nfi\n# This output is used by Xcode 'outputs' to avoid re-running this script phase.\necho \"SUCCESS\" > \"${SCRIPT_OUTPUT_FILE_0}\"\n";
			showEnvVarsInLog = 0;
		};
		45A5D3DE20E73A3E66C5F551 /* [CP] Check Pods Manifest.lock */ = {
			isa = PBXShellScriptBuildPhase;
			buildActionMask = 2147483647;
			files = (
			);
			inputFileListPaths = (
			);
			inputPaths = (
				"${PODS_PODFILE_DIR_PATH}/Podfile.lock",
				"${PODS_ROOT}/Manifest.lock",
			);
			name = "[CP] Check Pods Manifest.lock";
			outputFileListPaths = (
			);
			outputPaths = (
				"$(DERIVED_FILE_DIR)/Pods-Parstagram-checkManifestLockResult.txt",
			);
			runOnlyForDeploymentPostprocessing = 0;
			shellPath = /bin/sh;
			shellScript = "diff \"${PODS_PODFILE_DIR_PATH}/Podfile.lock\" \"${PODS_ROOT}/Manifest.lock\" > /dev/null\nif [ $? != 0 ] ; then\n    # print error to STDERR\n    echo \"error: The sandbox is not in sync with the Podfile.lock. Run 'pod install' or update your CocoaPods installation.\" >&2\n    exit 1\nfi\n# This output is used by Xcode 'outputs' to avoid re-running this script phase.\necho \"SUCCESS\" > \"${SCRIPT_OUTPUT_FILE_0}\"\n";
			showEnvVarsInLog = 0;
		};
		97950D6B13C9E089FF319DC6 /* [CP] Check Pods Manifest.lock */ = {
			isa = PBXShellScriptBuildPhase;
			buildActionMask = 2147483647;
			files = (
			);
			inputFileListPaths = (
			);
			inputPaths = (
				"${PODS_PODFILE_DIR_PATH}/Podfile.lock",
				"${PODS_ROOT}/Manifest.lock",
			);
			name = "[CP] Check Pods Manifest.lock";
			outputFileListPaths = (
			);
			outputPaths = (
				"$(DERIVED_FILE_DIR)/Pods-ParstagramTests-checkManifestLockResult.txt",
			);
			runOnlyForDeploymentPostprocessing = 0;
			shellPath = /bin/sh;
			shellScript = "diff \"${PODS_PODFILE_DIR_PATH}/Podfile.lock\" \"${PODS_ROOT}/Manifest.lock\" > /dev/null\nif [ $? != 0 ] ; then\n    # print error to STDERR\n    echo \"error: The sandbox is not in sync with the Podfile.lock. Run 'pod install' or update your CocoaPods installation.\" >&2\n    exit 1\nfi\n# This output is used by Xcode 'outputs' to avoid re-running this script phase.\necho \"SUCCESS\" > \"${SCRIPT_OUTPUT_FILE_0}\"\n";
			showEnvVarsInLog = 0;
		};
		9CC1A0AD01FA70AB686B66AC /* [CP] Embed Pods Frameworks */ = {
			isa = PBXShellScriptBuildPhase;
			buildActionMask = 2147483647;
			files = (
			);
			inputFileListPaths = (
				"${PODS_ROOT}/Target Support Files/Pods-Parstagram/Pods-Parstagram-frameworks-${CONFIGURATION}-input-files.xcfilelist",
			);
			name = "[CP] Embed Pods Frameworks";
			outputFileListPaths = (
				"${PODS_ROOT}/Target Support Files/Pods-Parstagram/Pods-Parstagram-frameworks-${CONFIGURATION}-output-files.xcfilelist",
			);
			runOnlyForDeploymentPostprocessing = 0;
			shellPath = /bin/sh;
			shellScript = "\"${PODS_ROOT}/Target Support Files/Pods-Parstagram/Pods-Parstagram-frameworks.sh\"\n";
			showEnvVarsInLog = 0;
		};
/* End PBXShellScriptBuildPhase section */

/* Begin PBXSourcesBuildPhase section */
		A86CCAB4260673F300340BC9 /* Sources */ = {
			isa = PBXSourcesBuildPhase;
			buildActionMask = 2147483647;
			files = (
				A86CCAFE2606789900340BC9 /* LoginViewController.swift in Sources */,
				A86CCB082606827800340BC9 /* CameraViewController.swift in Sources */,
				A86CCABC260673F300340BC9 /* AppDelegate.swift in Sources */,
				A86CCB03260678AD00340BC9 /* FeedViewController.swift in Sources */,
				A86CCABE260673F300340BC9 /* SceneDelegate.swift in Sources */,
				A86CCB182606985F00340BC9 /* PostCell.swift in Sources */,
				A8C8C9F9260FA6050038D152 /* CommentCell.swift in Sources */,
			);
			runOnlyForDeploymentPostprocessing = 0;
		};
		A86CCACA260673F500340BC9 /* Sources */ = {
			isa = PBXSourcesBuildPhase;
			buildActionMask = 2147483647;
			files = (
				A86CCAD3260673F500340BC9 /* ParstagramTests.swift in Sources */,
			);
			runOnlyForDeploymentPostprocessing = 0;
		};
		A86CCAD5260673F500340BC9 /* Sources */ = {
			isa = PBXSourcesBuildPhase;
			buildActionMask = 2147483647;
			files = (
				A86CCADE260673F500340BC9 /* ParstagramUITests.swift in Sources */,
			);
			runOnlyForDeploymentPostprocessing = 0;
		};
/* End PBXSourcesBuildPhase section */

/* Begin PBXTargetDependency section */
		A86CCAD0260673F500340BC9 /* PBXTargetDependency */ = {
			isa = PBXTargetDependency;
			target = A86CCAB7260673F300340BC9 /* Parstagram */;
			targetProxy = A86CCACF260673F500340BC9 /* PBXContainerItemProxy */;
		};
		A86CCADB260673F500340BC9 /* PBXTargetDependency */ = {
			isa = PBXTargetDependency;
			target = A86CCAB7260673F300340BC9 /* Parstagram */;
			targetProxy = A86CCADA260673F500340BC9 /* PBXContainerItemProxy */;
		};
/* End PBXTargetDependency section */

/* Begin PBXVariantGroup section */
		A86CCAC1260673F300340BC9 /* Main.storyboard */ = {
			isa = PBXVariantGroup;
			children = (
				A86CCAC2260673F300340BC9 /* Base */,
			);
			name = Main.storyboard;
			sourceTree = "<group>";
		};
		A86CCAC6260673F500340BC9 /* LaunchScreen.storyboard */ = {
			isa = PBXVariantGroup;
			children = (
				A86CCAC7260673F500340BC9 /* Base */,
			);
			name = LaunchScreen.storyboard;
			sourceTree = "<group>";
		};
/* End PBXVariantGroup section */

/* Begin XCBuildConfiguration section */
		A86CCAE0260673F500340BC9 /* Debug */ = {
			isa = XCBuildConfiguration;
			buildSettings = {
				ALWAYS_SEARCH_USER_PATHS = NO;
				CLANG_ANALYZER_NONNULL = YES;
				CLANG_ANALYZER_NUMBER_OBJECT_CONVERSION = YES_AGGRESSIVE;
				CLANG_CXX_LANGUAGE_STANDARD = "gnu++14";
				CLANG_CXX_LIBRARY = "libc++";
				CLANG_ENABLE_MODULES = YES;
				CLANG_ENABLE_OBJC_ARC = YES;
				CLANG_ENABLE_OBJC_WEAK = YES;
				CLANG_WARN_BLOCK_CAPTURE_AUTORELEASING = YES;
				CLANG_WARN_BOOL_CONVERSION = YES;
				CLANG_WARN_COMMA = YES;
				CLANG_WARN_CONSTANT_CONVERSION = YES;
				CLANG_WARN_DEPRECATED_OBJC_IMPLEMENTATIONS = YES;
				CLANG_WARN_DIRECT_OBJC_ISA_USAGE = YES_ERROR;
				CLANG_WARN_DOCUMENTATION_COMMENTS = YES;
				CLANG_WARN_EMPTY_BODY = YES;
				CLANG_WARN_ENUM_CONVERSION = YES;
				CLANG_WARN_INFINITE_RECURSION = YES;
				CLANG_WARN_INT_CONVERSION = YES;
				CLANG_WARN_NON_LITERAL_NULL_CONVERSION = YES;
				CLANG_WARN_OBJC_IMPLICIT_RETAIN_SELF = YES;
				CLANG_WARN_OBJC_LITERAL_CONVERSION = YES;
				CLANG_WARN_OBJC_ROOT_CLASS = YES_ERROR;
				CLANG_WARN_QUOTED_INCLUDE_IN_FRAMEWORK_HEADER = YES;
				CLANG_WARN_RANGE_LOOP_ANALYSIS = YES;
				CLANG_WARN_STRICT_PROTOTYPES = YES;
				CLANG_WARN_SUSPICIOUS_MOVE = YES;
				CLANG_WARN_UNGUARDED_AVAILABILITY = YES_AGGRESSIVE;
				CLANG_WARN_UNREACHABLE_CODE = YES;
				CLANG_WARN__DUPLICATE_METHOD_MATCH = YES;
				COPY_PHASE_STRIP = NO;
				DEBUG_INFORMATION_FORMAT = dwarf;
				ENABLE_STRICT_OBJC_MSGSEND = YES;
				ENABLE_TESTABILITY = YES;
				GCC_C_LANGUAGE_STANDARD = gnu11;
				GCC_DYNAMIC_NO_PIC = NO;
				GCC_NO_COMMON_BLOCKS = YES;
				GCC_OPTIMIZATION_LEVEL = 0;
				GCC_PREPROCESSOR_DEFINITIONS = (
					"DEBUG=1",
					"$(inherited)",
				);
				GCC_WARN_64_TO_32_BIT_CONVERSION = YES;
				GCC_WARN_ABOUT_RETURN_TYPE = YES_ERROR;
				GCC_WARN_UNDECLARED_SELECTOR = YES;
				GCC_WARN_UNINITIALIZED_AUTOS = YES_AGGRESSIVE;
				GCC_WARN_UNUSED_FUNCTION = YES;
				GCC_WARN_UNUSED_VARIABLE = YES;
				IPHONEOS_DEPLOYMENT_TARGET = 14.4;
				MTL_ENABLE_DEBUG_INFO = INCLUDE_SOURCE;
				MTL_FAST_MATH = YES;
				ONLY_ACTIVE_ARCH = YES;
				SDKROOT = iphoneos;
				SWIFT_ACTIVE_COMPILATION_CONDITIONS = DEBUG;
				SWIFT_OPTIMIZATION_LEVEL = "-Onone";
			};
			name = Debug;
		};
		A86CCAE1260673F500340BC9 /* Release */ = {
			isa = XCBuildConfiguration;
			buildSettings = {
				ALWAYS_SEARCH_USER_PATHS = NO;
				CLANG_ANALYZER_NONNULL = YES;
				CLANG_ANALYZER_NUMBER_OBJECT_CONVERSION = YES_AGGRESSIVE;
				CLANG_CXX_LANGUAGE_STANDARD = "gnu++14";
				CLANG_CXX_LIBRARY = "libc++";
				CLANG_ENABLE_MODULES = YES;
				CLANG_ENABLE_OBJC_ARC = YES;
				CLANG_ENABLE_OBJC_WEAK = YES;
				CLANG_WARN_BLOCK_CAPTURE_AUTORELEASING = YES;
				CLANG_WARN_BOOL_CONVERSION = YES;
				CLANG_WARN_COMMA = YES;
				CLANG_WARN_CONSTANT_CONVERSION = YES;
				CLANG_WARN_DEPRECATED_OBJC_IMPLEMENTATIONS = YES;
				CLANG_WARN_DIRECT_OBJC_ISA_USAGE = YES_ERROR;
				CLANG_WARN_DOCUMENTATION_COMMENTS = YES;
				CLANG_WARN_EMPTY_BODY = YES;
				CLANG_WARN_ENUM_CONVERSION = YES;
				CLANG_WARN_INFINITE_RECURSION = YES;
				CLANG_WARN_INT_CONVERSION = YES;
				CLANG_WARN_NON_LITERAL_NULL_CONVERSION = YES;
				CLANG_WARN_OBJC_IMPLICIT_RETAIN_SELF = YES;
				CLANG_WARN_OBJC_LITERAL_CONVERSION = YES;
				CLANG_WARN_OBJC_ROOT_CLASS = YES_ERROR;
				CLANG_WARN_QUOTED_INCLUDE_IN_FRAMEWORK_HEADER = YES;
				CLANG_WARN_RANGE_LOOP_ANALYSIS = YES;
				CLANG_WARN_STRICT_PROTOTYPES = YES;
				CLANG_WARN_SUSPICIOUS_MOVE = YES;
				CLANG_WARN_UNGUARDED_AVAILABILITY = YES_AGGRESSIVE;
				CLANG_WARN_UNREACHABLE_CODE = YES;
				CLANG_WARN__DUPLICATE_METHOD_MATCH = YES;
				COPY_PHASE_STRIP = NO;
				DEBUG_INFORMATION_FORMAT = "dwarf-with-dsym";
				ENABLE_NS_ASSERTIONS = NO;
				ENABLE_STRICT_OBJC_MSGSEND = YES;
				GCC_C_LANGUAGE_STANDARD = gnu11;
				GCC_NO_COMMON_BLOCKS = YES;
				GCC_WARN_64_TO_32_BIT_CONVERSION = YES;
				GCC_WARN_ABOUT_RETURN_TYPE = YES_ERROR;
				GCC_WARN_UNDECLARED_SELECTOR = YES;
				GCC_WARN_UNINITIALIZED_AUTOS = YES_AGGRESSIVE;
				GCC_WARN_UNUSED_FUNCTION = YES;
				GCC_WARN_UNUSED_VARIABLE = YES;
				IPHONEOS_DEPLOYMENT_TARGET = 14.4;
				MTL_ENABLE_DEBUG_INFO = NO;
				MTL_FAST_MATH = YES;
				SDKROOT = iphoneos;
				SWIFT_COMPILATION_MODE = wholemodule;
				SWIFT_OPTIMIZATION_LEVEL = "-O";
				VALIDATE_PRODUCT = YES;
			};
			name = Release;
		};
		A86CCAE3260673F500340BC9 /* Debug */ = {
			isa = XCBuildConfiguration;
			baseConfigurationReference = 436A774A02C4402B45B38EA1 /* Pods-Parstagram.debug.xcconfig */;
			buildSettings = {
				ASSETCATALOG_COMPILER_APPICON_NAME = AppIcon;
				ASSETCATALOG_COMPILER_GLOBAL_ACCENT_COLOR_NAME = AccentColor;
				CODE_SIGN_STYLE = Automatic;
				DEVELOPMENT_TEAM = DSJNX2C8V8;
				INFOPLIST_FILE = Parstagram/Info.plist;
				LD_RUNPATH_SEARCH_PATHS = (
					"$(inherited)",
					"@executable_path/Frameworks",
				);
				PRODUCT_BUNDLE_IDENTIFIER = asushanth.Parstagram;
				PRODUCT_NAME = "$(TARGET_NAME)";
				SWIFT_VERSION = 5.0;
				TARGETED_DEVICE_FAMILY = "1,2";
			};
			name = Debug;
		};
		A86CCAE4260673F500340BC9 /* Release */ = {
			isa = XCBuildConfiguration;
			baseConfigurationReference = 6C4EF700DBC204CCBDB46372 /* Pods-Parstagram.release.xcconfig */;
			buildSettings = {
				ASSETCATALOG_COMPILER_APPICON_NAME = AppIcon;
				ASSETCATALOG_COMPILER_GLOBAL_ACCENT_COLOR_NAME = AccentColor;
				CODE_SIGN_STYLE = Automatic;
				DEVELOPMENT_TEAM = DSJNX2C8V8;
				INFOPLIST_FILE = Parstagram/Info.plist;
				LD_RUNPATH_SEARCH_PATHS = (
					"$(inherited)",
					"@executable_path/Frameworks",
				);
				PRODUCT_BUNDLE_IDENTIFIER = asushanth.Parstagram;
				PRODUCT_NAME = "$(TARGET_NAME)";
				SWIFT_VERSION = 5.0;
				TARGETED_DEVICE_FAMILY = "1,2";
			};
			name = Release;
		};
		A86CCAE6260673F500340BC9 /* Debug */ = {
			isa = XCBuildConfiguration;
			baseConfigurationReference = 1E58A1E352B906401721CE08 /* Pods-ParstagramTests.debug.xcconfig */;
			buildSettings = {
				ALWAYS_EMBED_SWIFT_STANDARD_LIBRARIES = YES;
				BUNDLE_LOADER = "$(TEST_HOST)";
				CODE_SIGN_STYLE = Automatic;
				DEVELOPMENT_TEAM = DSJNX2C8V8;
				INFOPLIST_FILE = ParstagramTests/Info.plist;
				IPHONEOS_DEPLOYMENT_TARGET = 14.4;
				LD_RUNPATH_SEARCH_PATHS = (
					"$(inherited)",
					"@executable_path/Frameworks",
					"@loader_path/Frameworks",
				);
				PRODUCT_BUNDLE_IDENTIFIER = asushanth.ParstagramTests;
				PRODUCT_NAME = "$(TARGET_NAME)";
				SWIFT_VERSION = 5.0;
				TARGETED_DEVICE_FAMILY = "1,2";
				TEST_HOST = "$(BUILT_PRODUCTS_DIR)/Parstagram.app/Parstagram";
			};
			name = Debug;
		};
		A86CCAE7260673F500340BC9 /* Release */ = {
			isa = XCBuildConfiguration;
			baseConfigurationReference = AA4C2627DB0ECA4E05E1946C /* Pods-ParstagramTests.release.xcconfig */;
			buildSettings = {
				ALWAYS_EMBED_SWIFT_STANDARD_LIBRARIES = YES;
				BUNDLE_LOADER = "$(TEST_HOST)";
				CODE_SIGN_STYLE = Automatic;
				DEVELOPMENT_TEAM = DSJNX2C8V8;
				INFOPLIST_FILE = ParstagramTests/Info.plist;
				IPHONEOS_DEPLOYMENT_TARGET = 14.4;
				LD_RUNPATH_SEARCH_PATHS = (
					"$(inherited)",
					"@executable_path/Frameworks",
					"@loader_path/Frameworks",
				);
				PRODUCT_BUNDLE_IDENTIFIER = asushanth.ParstagramTests;
				PRODUCT_NAME = "$(TARGET_NAME)";
				SWIFT_VERSION = 5.0;
				TARGETED_DEVICE_FAMILY = "1,2";
				TEST_HOST = "$(BUILT_PRODUCTS_DIR)/Parstagram.app/Parstagram";
			};
			name = Release;
		};
		A86CCAE9260673F500340BC9 /* Debug */ = {
			isa = XCBuildConfiguration;
			baseConfigurationReference = 337368BDC9E33BBCDF6FE19C /* Pods-Parstagram-ParstagramUITests.debug.xcconfig */;
			buildSettings = {
				ALWAYS_EMBED_SWIFT_STANDARD_LIBRARIES = YES;
				CODE_SIGN_STYLE = Automatic;
				DEVELOPMENT_TEAM = DSJNX2C8V8;
				INFOPLIST_FILE = ParstagramUITests/Info.plist;
				LD_RUNPATH_SEARCH_PATHS = (
					"$(inherited)",
					"@executable_path/Frameworks",
					"@loader_path/Frameworks",
				);
				PRODUCT_BUNDLE_IDENTIFIER = asushanth.ParstagramUITests;
				PRODUCT_NAME = "$(TARGET_NAME)";
				SWIFT_VERSION = 5.0;
				TARGETED_DEVICE_FAMILY = "1,2";
				TEST_TARGET_NAME = Parstagram;
			};
			name = Debug;
		};
		A86CCAEA260673F500340BC9 /* Release */ = {
			isa = XCBuildConfiguration;
			baseConfigurationReference = 87E55D9CD1ED88812A1A67EB /* Pods-Parstagram-ParstagramUITests.release.xcconfig */;
			buildSettings = {
				ALWAYS_EMBED_SWIFT_STANDARD_LIBRARIES = YES;
				CODE_SIGN_STYLE = Automatic;
				DEVELOPMENT_TEAM = DSJNX2C8V8;
				INFOPLIST_FILE = ParstagramUITests/Info.plist;
				LD_RUNPATH_SEARCH_PATHS = (
					"$(inherited)",
					"@executable_path/Frameworks",
					"@loader_path/Frameworks",
				);
				PRODUCT_BUNDLE_IDENTIFIER = asushanth.ParstagramUITests;
				PRODUCT_NAME = "$(TARGET_NAME)";
				SWIFT_VERSION = 5.0;
				TARGETED_DEVICE_FAMILY = "1,2";
				TEST_TARGET_NAME = Parstagram;
			};
			name = Release;
		};
/* End XCBuildConfiguration section */

/* Begin XCConfigurationList section */
		A86CCAB3260673F300340BC9 /* Build configuration list for PBXProject "Parstagram" */ = {
			isa = XCConfigurationList;
			buildConfigurations = (
				A86CCAE0260673F500340BC9 /* Debug */,
				A86CCAE1260673F500340BC9 /* Release */,
			);
			defaultConfigurationIsVisible = 0;
			defaultConfigurationName = Release;
		};
		A86CCAE2260673F500340BC9 /* Build configuration list for PBXNativeTarget "Parstagram" */ = {
			isa = XCConfigurationList;
			buildConfigurations = (
				A86CCAE3260673F500340BC9 /* Debug */,
				A86CCAE4260673F500340BC9 /* Release */,
			);
			defaultConfigurationIsVisible = 0;
			defaultConfigurationName = Release;
		};
		A86CCAE5260673F500340BC9 /* Build configuration list for PBXNativeTarget "ParstagramTests" */ = {
			isa = XCConfigurationList;
			buildConfigurations = (
				A86CCAE6260673F500340BC9 /* Debug */,
				A86CCAE7260673F500340BC9 /* Release */,
			);
			defaultConfigurationIsVisible = 0;
			defaultConfigurationName = Release;
		};
		A86CCAE8260673F500340BC9 /* Build configuration list for PBXNativeTarget "ParstagramUITests" */ = {
			isa = XCConfigurationList;
			buildConfigurations = (
				A86CCAE9260673F500340BC9 /* Debug */,
				A86CCAEA260673F500340BC9 /* Release */,
			);
			defaultConfigurationIsVisible = 0;
			defaultConfigurationName = Release;
		};
/* End XCConfigurationList section */
	};
	rootObject = A86CCAB0260673F300340BC9 /* Project object */;
}
